# This file is autogenerated, do not edit; changes may be undone by the next 'dep ensure'.


[[projects]]
  name = "github.com/Azure/draft"
  packages = [
    "pkg/draft/draftpath",
    "pkg/draft/pack",
    "pkg/draft/pack/repo",
    "pkg/linguist",
    "pkg/linguist/data",
    "pkg/linguist/tokenizer",
    "pkg/osutil",
    "pkg/version"
  ]
  revision = "fdc29c553a45600ac4f795f3485d4bb9a80c7862"
  version = "v0.14.1"

[[projects]]
  name = "github.com/BurntSushi/toml"
  packages = ["."]
  revision = "b26d9c308763d68093482582cea63d69be07a0f0"
  version = "v0.3.0"

[[projects]]
  name = "github.com/Masterminds/semver"
  packages = ["."]
  revision = "517734cc7d6470c0d07130e40fd40bdeb9bcd3fd"
  version = "v1.3.1"

[[projects]]
  name = "github.com/ghodss/yaml"
  packages = ["."]
  revision = "0ca9ea5df5451ffdf184b4428c902747c2c11cd7"
  version = "v1.0.0"

[[projects]]
  name = "github.com/gobwas/glob"
  packages = [
    ".",
    "compiler",
    "match",
    "syntax",
    "syntax/ast",
    "syntax/lexer",
    "util/runes",
    "util/strings"
  ]
  revision = "bea32b9cd2d6f55753d94a28e959b13f0244797a"
  version = "v0.2.2"

[[projects]]
  name = "github.com/golang/protobuf"
  packages = [
    "proto",
    "ptypes/any",
    "ptypes/timestamp"
  ]
  revision = "4bd1920723d7b7c925de087aa32e2187708897f7"

[[projects]]
  name = "github.com/inconshreveable/mousetrap"
  packages = ["."]
  revision = "76626ae9c91c4f2a10f34cad8ce83ea42c93bb75"
  version = "v1.0"

[[projects]]
  branch = "master"
  name = "github.com/jbrukh/bayesian"
  packages = ["."]
  revision = "bf3f261f9a9c61145c60d47665b0518cc32c774f"

[[projects]]
  name = "github.com/sirupsen/logrus"
  packages = ["."]
  revision = "c155da19408a8799da419ed3eeb0cb5db0ad5dbc"
  version = "v1.0.5"

[[projects]]
  name = "github.com/spf13/cobra"
  packages = ["."]
  revision = "ef82de70bb3f60c65fb8eebacbb2d122ef517385"
  version = "v0.0.3"

[[projects]]
  name = "github.com/spf13/pflag"
  packages = ["."]
  revision = "583c0c0531f06d5278b7d917446061adc344b5cd"
  version = "v1.0.1"

[[projects]]
  branch = "master"
  name = "golang.org/x/crypto"
  packages = ["ssh/terminal"]
  revision = "a3beeb748656e13e54256fd2cde19e058f41f60f"

[[projects]]
  branch = "master"
  name = "golang.org/x/sys"
  packages = [
    "unix",
    "windows"
  ]
  revision = "c11f84a56e43e20a78cee75a7c034031ecf57d1f"

[[projects]]
  name = "gopkg.in/yaml.v2"
  packages = ["."]
  revision = "5420a8b6744d3b0345ab293f6fcba19c978f1183"
  version = "v2.2.1"

[[projects]]
  name = "k8s.io/apimachinery"
  packages = ["pkg/version"]
  revision = "3b05bbfa0a45413bfa184edbf9af617e277962fb"
  version = "kubernetes-1.9.0-alpha.1"

[[projects]]
  name = "k8s.io/helm"
  packages = [
    "pkg/chartutil",
    "pkg/ignore",
    "pkg/proto/hapi/chart",
    "pkg/proto/hapi/version",
    "pkg/version"
  ]
  revision = "8478fb4fc723885b155c924d1c8c410b7a9444e6"
  version = "v2.7.2"

[solve-meta]
  analyzer-name = "dep"
  analyzer-version = 1
  inputs-digest = "93b3c7a94517b01e087338e0c8b6e4a104361384f7026d9a6336da9906091244"
  solver-name = "gps-cdcl"
  solver-version = 1
